// !$*UTF8*$!
{
	archiveVersion = 1;
	classes = {
	};
	objectVersion = 55;
	objects = {

/* Begin PBXBuildFile section */
		0407A7DF272D5BF400F0F209 /* GlassButton.swift in Sources */ = {isa = PBXBuildFile; fileRef = 0407A7DE272D5BF400F0F209 /* GlassButton.swift */; };
		0407A7E0272D5BF400F0F209 /* GlassButton.swift in Sources */ = {isa = PBXBuildFile; fileRef = 0407A7DE272D5BF400F0F209 /* GlassButton.swift */; };
		0407A7E2272D69C000F0F209 /* GoogleService-Info.plist in Resources */ = {isa = PBXBuildFile; fileRef = 0407A7E1272D69C000F0F209 /* GoogleService-Info.plist */; };
		0407A7E3272D69C000F0F209 /* GoogleService-Info.plist in Resources */ = {isa = PBXBuildFile; fileRef = 0407A7E1272D69C000F0F209 /* GoogleService-Info.plist */; };
		0407A7E8272D78C600F0F209 /* FirebaseConstants.swift in Sources */ = {isa = PBXBuildFile; fileRef = 0407A7E7272D78C600F0F209 /* FirebaseConstants.swift */; };
		0407A7E9272D78C600F0F209 /* FirebaseConstants.swift in Sources */ = {isa = PBXBuildFile; fileRef = 0407A7E7272D78C600F0F209 /* FirebaseConstants.swift */; };
		048244FD271C3B9900E27160 /* ProfileButton.swift in Sources */ = {isa = PBXBuildFile; fileRef = 048244FC271C3B9900E27160 /* ProfileButton.swift */; };
		048244FE271C3B9900E27160 /* ProfileButton.swift in Sources */ = {isa = PBXBuildFile; fileRef = 048244FC271C3B9900E27160 /* ProfileButton.swift */; };
		04824500271C3BD100E27160 /* QuickAndEasy.swift in Sources */ = {isa = PBXBuildFile; fileRef = 048244FF271C3BD100E27160 /* QuickAndEasy.swift */; };
		04824501271C3BD100E27160 /* QuickAndEasy.swift in Sources */ = {isa = PBXBuildFile; fileRef = 048244FF271C3BD100E27160 /* QuickAndEasy.swift */; };
		04824503271C3C4100E27160 /* SearchButton.swift in Sources */ = {isa = PBXBuildFile; fileRef = 04824502271C3C4100E27160 /* SearchButton.swift */; };
		04824504271C3C4100E27160 /* SearchButton.swift in Sources */ = {isa = PBXBuildFile; fileRef = 04824502271C3C4100E27160 /* SearchButton.swift */; };
		04824506271C3C8E00E27160 /* HorizontalScrollCards.swift in Sources */ = {isa = PBXBuildFile; fileRef = 04824505271C3C8E00E27160 /* HorizontalScrollCards.swift */; };
		04824507271C3C8E00E27160 /* HorizontalScrollCards.swift in Sources */ = {isa = PBXBuildFile; fileRef = 04824505271C3C8E00E27160 /* HorizontalScrollCards.swift */; };
		04824509271C3D3100E27160 /* BlurView.swift in Sources */ = {isa = PBXBuildFile; fileRef = 04824508271C3D3100E27160 /* BlurView.swift */; };
		0482450A271C3D3100E27160 /* BlurView.swift in Sources */ = {isa = PBXBuildFile; fileRef = 04824508271C3D3100E27160 /* BlurView.swift */; };
		0482450C271C3EAB00E27160 /* DummyData.swift in Sources */ = {isa = PBXBuildFile; fileRef = 0482450B271C3EAB00E27160 /* DummyData.swift */; };
		0482450D271C3EAB00E27160 /* DummyData.swift in Sources */ = {isa = PBXBuildFile; fileRef = 0482450B271C3EAB00E27160 /* DummyData.swift */; };
		0482450F271C411800E27160 /* Gradient.swift in Sources */ = {isa = PBXBuildFile; fileRef = 0482450E271C411800E27160 /* Gradient.swift */; };
		04824510271C411800E27160 /* Gradient.swift in Sources */ = {isa = PBXBuildFile; fileRef = 0482450E271C411800E27160 /* Gradient.swift */; };
		0482452A271C4A1B00E27160 /* IndianSpecials.swift in Sources */ = {isa = PBXBuildFile; fileRef = 04824529271C4A1B00E27160 /* IndianSpecials.swift */; };
		0482452B271C4A1B00E27160 /* IndianSpecials.swift in Sources */ = {isa = PBXBuildFile; fileRef = 04824529271C4A1B00E27160 /* IndianSpecials.swift */; };
		0482452D271C4A5A00E27160 /* Cards.swift in Sources */ = {isa = PBXBuildFile; fileRef = 0482452C271C4A5A00E27160 /* Cards.swift */; };
		0482452E271C4A5A00E27160 /* Cards.swift in Sources */ = {isa = PBXBuildFile; fileRef = 0482452C271C4A5A00E27160 /* Cards.swift */; };
		04824530271C52FE00E27160 /* BigCards.swift in Sources */ = {isa = PBXBuildFile; fileRef = 0482452F271C52FE00E27160 /* BigCards.swift */; };
		04824531271C52FE00E27160 /* BigCards.swift in Sources */ = {isa = PBXBuildFile; fileRef = 0482452F271C52FE00E27160 /* BigCards.swift */; };
		049BE685271C2B0B0008F8ED /* FoodZapApp.swift in Sources */ = {isa = PBXBuildFile; fileRef = 049BE672271C2B080008F8ED /* FoodZapApp.swift */; };
		049BE686271C2B0B0008F8ED /* FoodZapApp.swift in Sources */ = {isa = PBXBuildFile; fileRef = 049BE672271C2B080008F8ED /* FoodZapApp.swift */; };
		049BE687271C2B0B0008F8ED /* HomeView.swift in Sources */ = {isa = PBXBuildFile; fileRef = 049BE673271C2B080008F8ED /* HomeView.swift */; };
		049BE688271C2B0B0008F8ED /* HomeView.swift in Sources */ = {isa = PBXBuildFile; fileRef = 049BE673271C2B080008F8ED /* HomeView.swift */; };
		049BE689271C2B0B0008F8ED /* Persistence.swift in Sources */ = {isa = PBXBuildFile; fileRef = 049BE674271C2B080008F8ED /* Persistence.swift */; };
		049BE68A271C2B0B0008F8ED /* Persistence.swift in Sources */ = {isa = PBXBuildFile; fileRef = 049BE674271C2B080008F8ED /* Persistence.swift */; };
		049BE68B271C2B0B0008F8ED /* Assets.xcassets in Resources */ = {isa = PBXBuildFile; fileRef = 049BE675271C2B0B0008F8ED /* Assets.xcassets */; };
		049BE68C271C2B0B0008F8ED /* Assets.xcassets in Resources */ = {isa = PBXBuildFile; fileRef = 049BE675271C2B0B0008F8ED /* Assets.xcassets */; };
		04D8E4882737B46800F2524A /* ImageLoader.swift in Sources */ = {isa = PBXBuildFile; fileRef = 04D8E4862737B46800F2524A /* ImageLoader.swift */; };
		04D8E4892737B46800F2524A /* ImageLoader.swift in Sources */ = {isa = PBXBuildFile; fileRef = 04D8E4862737B46800F2524A /* ImageLoader.swift */; };
		04D8E48A2737B46800F2524A /* QuickNEasyViewModel.swift in Sources */ = {isa = PBXBuildFile; fileRef = 04D8E4872737B46800F2524A /* QuickNEasyViewModel.swift */; };
		04D8E48B2737B46800F2524A /* QuickNEasyViewModel.swift in Sources */ = {isa = PBXBuildFile; fileRef = 04D8E4872737B46800F2524A /* QuickNEasyViewModel.swift */; };
		04E113A82737EF7F003CAC4B /* RecipeListViewModel.swift in Sources */ = {isa = PBXBuildFile; fileRef = 04E113A72737EF7F003CAC4B /* RecipeListViewModel.swift */; };
		04E113A92737EF7F003CAC4B /* RecipeListViewModel.swift in Sources */ = {isa = PBXBuildFile; fileRef = 04E113A72737EF7F003CAC4B /* RecipeListViewModel.swift */; };
		04EFCFDB27205CDB009795CC /* QuickNEasy.swift in Sources */ = {isa = PBXBuildFile; fileRef = 04EFCFDA27205CDB009795CC /* QuickNEasy.swift */; };
		04EFCFDC27205CDB009795CC /* QuickNEasy.swift in Sources */ = {isa = PBXBuildFile; fileRef = 04EFCFDA27205CDB009795CC /* QuickNEasy.swift */; };
		04EFCFE8272164DD009795CC /* FoodsCollections.json in Resources */ = {isa = PBXBuildFile; fileRef = 04EFCFE7272164DD009795CC /* FoodsCollections.json */; };
		04EFCFE9272164DD009795CC /* FoodsCollections.json in Resources */ = {isa = PBXBuildFile; fileRef = 04EFCFE7272164DD009795CC /* FoodsCollections.json */; };
		FD0FA1242736B4C600FFD28D /* FoodZaps.xcdatamodeld in Sources */ = {isa = PBXBuildFile; fileRef = FD0FA1222736B4C600FFD28D /* FoodZaps.xcdatamodeld */; };
		FD0FA1252736B4C600FFD28D /* FoodZaps.xcdatamodeld in Sources */ = {isa = PBXBuildFile; fileRef = FD0FA1222736B4C600FFD28D /* FoodZaps.xcdatamodeld */; };
		FD404FF2272304BE004754EA /* ListRow.swift in Sources */ = {isa = PBXBuildFile; fileRef = FD404FF1272304BE004754EA /* ListRow.swift */; };
		FD404FF4272304D0004754EA /* RecipeList.swift in Sources */ = {isa = PBXBuildFile; fileRef = FD404FF3272304D0004754EA /* RecipeList.swift */; };
		FD51D5EB2736A00500B66D91 /* FirebaseFirestoreSwift-Beta in Frameworks */ = {isa = PBXBuildFile; productRef = FD51D5EA2736A00500B66D91 /* FirebaseFirestoreSwift-Beta */; };
		FD57EF932737A7D7007072FA /* NavigationControllerExt.swift in Sources */ = {isa = PBXBuildFile; fileRef = FD57EF922737A7D7007072FA /* NavigationControllerExt.swift */; };
		FD57EF942737A7D7007072FA /* NavigationControllerExt.swift in Sources */ = {isa = PBXBuildFile; fileRef = FD57EF922737A7D7007072FA /* NavigationControllerExt.swift */; };
		FD8C10E0272D6B1A005531D1 /* FirebaseFirestore in Frameworks */ = {isa = PBXBuildFile; productRef = FD8C10DF272D6B1A005531D1 /* FirebaseFirestore */; };
		FD99043A271C643700F725FC /* AwesomeToast in Frameworks */ = {isa = PBXBuildFile; productRef = FD990439271C643700F725FC /* AwesomeToast */; };
		FDF235AE2726F38500EAE8D3 /* ColorExtensions.swift in Sources */ = {isa = PBXBuildFile; fileRef = FDF235AD2726F38500EAE8D3 /* ColorExtensions.swift */; };
		FDF235AF2726F38500EAE8D3 /* ColorExtensions.swift in Sources */ = {isa = PBXBuildFile; fileRef = FDF235AD2726F38500EAE8D3 /* ColorExtensions.swift */; };
		FDF235B12726F39C00EAE8D3 /* DetailView.swift in Sources */ = {isa = PBXBuildFile; fileRef = FDF235B02726F39C00EAE8D3 /* DetailView.swift */; };
		FDF235B22726F39C00EAE8D3 /* DetailView.swift in Sources */ = {isa = PBXBuildFile; fileRef = FDF235B02726F39C00EAE8D3 /* DetailView.swift */; };
		FDF235B42726F3AC00EAE8D3 /* SeeMoreButton.swift in Sources */ = {isa = PBXBuildFile; fileRef = FDF235B32726F3AC00EAE8D3 /* SeeMoreButton.swift */; };
		FDF235B52726F3AC00EAE8D3 /* SeeMoreButton.swift in Sources */ = {isa = PBXBuildFile; fileRef = FDF235B32726F3AC00EAE8D3 /* SeeMoreButton.swift */; };
		FDF235B72726F3DA00EAE8D3 /* Tag.swift in Sources */ = {isa = PBXBuildFile; fileRef = FDF235B62726F3DA00EAE8D3 /* Tag.swift */; };
		FDF235B82726F3DA00EAE8D3 /* Tag.swift in Sources */ = {isa = PBXBuildFile; fileRef = FDF235B62726F3DA00EAE8D3 /* Tag.swift */; };
		FDF235BD2726F3F000EAE8D3 /* Texts.swift in Sources */ = {isa = PBXBuildFile; fileRef = FDF235BB2726F3F000EAE8D3 /* Texts.swift */; };
		FDF235BE2726F3F000EAE8D3 /* Texts.swift in Sources */ = {isa = PBXBuildFile; fileRef = FDF235BB2726F3F000EAE8D3 /* Texts.swift */; };
		FDF235BF2726F3F000EAE8D3 /* Colors.swift in Sources */ = {isa = PBXBuildFile; fileRef = FDF235BC2726F3F000EAE8D3 /* Colors.swift */; };
		FDF235C02726F3F000EAE8D3 /* Colors.swift in Sources */ = {isa = PBXBuildFile; fileRef = FDF235BC2726F3F000EAE8D3 /* Colors.swift */; };
		FDF235C42726F40600EAE8D3 /* ChipButton.swift in Sources */ = {isa = PBXBuildFile; fileRef = FDF235C22726F40600EAE8D3 /* ChipButton.swift */; };
		FDF235C52726F40600EAE8D3 /* ChipButton.swift in Sources */ = {isa = PBXBuildFile; fileRef = FDF235C22726F40600EAE8D3 /* ChipButton.swift */; };
		FDF235C62726F40600EAE8D3 /* Filters.swift in Sources */ = {isa = PBXBuildFile; fileRef = FDF235C32726F40600EAE8D3 /* Filters.swift */; };
		FDF235C72726F40600EAE8D3 /* Filters.swift in Sources */ = {isa = PBXBuildFile; fileRef = FDF235C32726F40600EAE8D3 /* Filters.swift */; };
		FDF235CB2726F7ED00EAE8D3 /* CuisineLabel.swift in Sources */ = {isa = PBXBuildFile; fileRef = FDF235CA2726F7EC00EAE8D3 /* CuisineLabel.swift */; };
		FDF235CC2726F7ED00EAE8D3 /* CuisineLabel.swift in Sources */ = {isa = PBXBuildFile; fileRef = FDF235CA2726F7EC00EAE8D3 /* CuisineLabel.swift */; };
		FDFA67AE2737FA9400844B4D /* Snapshots.swift in Sources */ = {isa = PBXBuildFile; fileRef = FDFA67AD2737FA9400844B4D /* Snapshots.swift */; };
		FDFA67AF2737FA9400844B4D /* Snapshots.swift in Sources */ = {isa = PBXBuildFile; fileRef = FDFA67AD2737FA9400844B4D /* Snapshots.swift */; };
/* End PBXBuildFile section */

/* Begin PBXFileReference section */
		0407A7DE272D5BF400F0F209 /* GlassButton.swift */ = {isa = PBXFileReference; lastKnownFileType = sourcecode.swift; path = GlassButton.swift; sourceTree = "<group>"; };
		0407A7E1272D69C000F0F209 /* GoogleService-Info.plist */ = {isa = PBXFileReference; fileEncoding = 4; lastKnownFileType = text.plist.xml; path = "GoogleService-Info.plist"; sourceTree = "<group>"; };
		0407A7E7272D78C600F0F209 /* FirebaseConstants.swift */ = {isa = PBXFileReference; lastKnownFileType = sourcecode.swift; path = FirebaseConstants.swift; sourceTree = "<group>"; };
		048244FC271C3B9900E27160 /* ProfileButton.swift */ = {isa = PBXFileReference; lastKnownFileType = sourcecode.swift; path = ProfileButton.swift; sourceTree = "<group>"; };
		048244FF271C3BD100E27160 /* QuickAndEasy.swift */ = {isa = PBXFileReference; lastKnownFileType = sourcecode.swift; path = QuickAndEasy.swift; sourceTree = "<group>"; };
		04824502271C3C4100E27160 /* SearchButton.swift */ = {isa = PBXFileReference; lastKnownFileType = sourcecode.swift; path = SearchButton.swift; sourceTree = "<group>"; };
		04824505271C3C8E00E27160 /* HorizontalScrollCards.swift */ = {isa = PBXFileReference; lastKnownFileType = sourcecode.swift; path = HorizontalScrollCards.swift; sourceTree = "<group>"; };
		04824508271C3D3100E27160 /* BlurView.swift */ = {isa = PBXFileReference; lastKnownFileType = sourcecode.swift; path = BlurView.swift; sourceTree = "<group>"; };
		0482450B271C3EAB00E27160 /* DummyData.swift */ = {isa = PBXFileReference; lastKnownFileType = sourcecode.swift; path = DummyData.swift; sourceTree = "<group>"; };
		0482450E271C411800E27160 /* Gradient.swift */ = {isa = PBXFileReference; lastKnownFileType = sourcecode.swift; path = Gradient.swift; sourceTree = "<group>"; };
		04824529271C4A1B00E27160 /* IndianSpecials.swift */ = {isa = PBXFileReference; lastKnownFileType = sourcecode.swift; path = IndianSpecials.swift; sourceTree = "<group>"; };
		0482452C271C4A5A00E27160 /* Cards.swift */ = {isa = PBXFileReference; lastKnownFileType = sourcecode.swift; path = Cards.swift; sourceTree = "<group>"; };
		0482452F271C52FE00E27160 /* BigCards.swift */ = {isa = PBXFileReference; lastKnownFileType = sourcecode.swift; path = BigCards.swift; sourceTree = "<group>"; };
		049BE672271C2B080008F8ED /* FoodZapApp.swift */ = {isa = PBXFileReference; lastKnownFileType = sourcecode.swift; path = FoodZapApp.swift; sourceTree = "<group>"; };
		049BE673271C2B080008F8ED /* HomeView.swift */ = {isa = PBXFileReference; lastKnownFileType = sourcecode.swift; path = HomeView.swift; sourceTree = "<group>"; };
		049BE674271C2B080008F8ED /* Persistence.swift */ = {isa = PBXFileReference; lastKnownFileType = sourcecode.swift; path = Persistence.swift; sourceTree = "<group>"; };
		049BE675271C2B0B0008F8ED /* Assets.xcassets */ = {isa = PBXFileReference; lastKnownFileType = folder.assetcatalog; path = Assets.xcassets; sourceTree = "<group>"; };
		049BE67A271C2B0B0008F8ED /* FoodZap.app */ = {isa = PBXFileReference; explicitFileType = wrapper.application; includeInIndex = 0; path = FoodZap.app; sourceTree = BUILT_PRODUCTS_DIR; };
		049BE680271C2B0B0008F8ED /* FoodZap.app */ = {isa = PBXFileReference; explicitFileType = wrapper.application; includeInIndex = 0; path = FoodZap.app; sourceTree = BUILT_PRODUCTS_DIR; };
		049BE682271C2B0B0008F8ED /* macOS.entitlements */ = {isa = PBXFileReference; lastKnownFileType = text.plist.entitlements; path = macOS.entitlements; sourceTree = "<group>"; };
		04D8E4862737B46800F2524A /* ImageLoader.swift */ = {isa = PBXFileReference; fileEncoding = 4; lastKnownFileType = sourcecode.swift; path = ImageLoader.swift; sourceTree = "<group>"; };
		04D8E4872737B46800F2524A /* QuickNEasyViewModel.swift */ = {isa = PBXFileReference; fileEncoding = 4; lastKnownFileType = sourcecode.swift; path = QuickNEasyViewModel.swift; sourceTree = "<group>"; };
		04E113A72737EF7F003CAC4B /* RecipeListViewModel.swift */ = {isa = PBXFileReference; lastKnownFileType = sourcecode.swift; path = RecipeListViewModel.swift; sourceTree = "<group>"; };
		04EFCFDA27205CDB009795CC /* QuickNEasy.swift */ = {isa = PBXFileReference; lastKnownFileType = sourcecode.swift; path = QuickNEasy.swift; sourceTree = "<group>"; };
		04EFCFE7272164DD009795CC /* FoodsCollections.json */ = {isa = PBXFileReference; lastKnownFileType = text.json; path = FoodsCollections.json; sourceTree = "<group>"; };
		FD0FA1232736B4C600FFD28D /* FoodZaps.xcdatamodel */ = {isa = PBXFileReference; lastKnownFileType = wrapper.xcdatamodel; path = FoodZaps.xcdatamodel; sourceTree = "<group>"; };
		FD404FF1272304BE004754EA /* ListRow.swift */ = {isa = PBXFileReference; lastKnownFileType = sourcecode.swift; path = ListRow.swift; sourceTree = "<group>"; };
		FD404FF3272304D0004754EA /* RecipeList.swift */ = {isa = PBXFileReference; lastKnownFileType = sourcecode.swift; path = RecipeList.swift; sourceTree = "<group>"; };
		FD57EF922737A7D7007072FA /* NavigationControllerExt.swift */ = {isa = PBXFileReference; lastKnownFileType = sourcecode.swift; path = NavigationControllerExt.swift; sourceTree = "<group>"; };
		FDF235AD2726F38500EAE8D3 /* ColorExtensions.swift */ = {isa = PBXFileReference; fileEncoding = 4; lastKnownFileType = sourcecode.swift; path = ColorExtensions.swift; sourceTree = "<group>"; };
		FDF235B02726F39C00EAE8D3 /* DetailView.swift */ = {isa = PBXFileReference; fileEncoding = 4; lastKnownFileType = sourcecode.swift; path = DetailView.swift; sourceTree = "<group>"; };
		FDF235B32726F3AC00EAE8D3 /* SeeMoreButton.swift */ = {isa = PBXFileReference; fileEncoding = 4; lastKnownFileType = sourcecode.swift; path = SeeMoreButton.swift; sourceTree = "<group>"; };
		FDF235B62726F3DA00EAE8D3 /* Tag.swift */ = {isa = PBXFileReference; fileEncoding = 4; lastKnownFileType = sourcecode.swift; path = Tag.swift; sourceTree = "<group>"; };
		FDF235BB2726F3F000EAE8D3 /* Texts.swift */ = {isa = PBXFileReference; fileEncoding = 4; lastKnownFileType = sourcecode.swift; path = Texts.swift; sourceTree = "<group>"; };
		FDF235BC2726F3F000EAE8D3 /* Colors.swift */ = {isa = PBXFileReference; fileEncoding = 4; lastKnownFileType = sourcecode.swift; path = Colors.swift; sourceTree = "<group>"; };
		FDF235C22726F40600EAE8D3 /* ChipButton.swift */ = {isa = PBXFileReference; fileEncoding = 4; lastKnownFileType = sourcecode.swift; path = ChipButton.swift; sourceTree = "<group>"; };
		FDF235C32726F40600EAE8D3 /* Filters.swift */ = {isa = PBXFileReference; fileEncoding = 4; lastKnownFileType = sourcecode.swift; path = Filters.swift; sourceTree = "<group>"; };
		FDF235CA2726F7EC00EAE8D3 /* CuisineLabel.swift */ = {isa = PBXFileReference; lastKnownFileType = sourcecode.swift; path = CuisineLabel.swift; sourceTree = "<group>"; };
		FDFA67AD2737FA9400844B4D /* Snapshots.swift */ = {isa = PBXFileReference; lastKnownFileType = sourcecode.swift; path = Snapshots.swift; sourceTree = "<group>"; };
/* End PBXFileReference section */

/* Begin PBXFrameworksBuildPhase section */
		049BE677271C2B0B0008F8ED /* Frameworks */ = {
			isa = PBXFrameworksBuildPhase;
			buildActionMask = 2147483647;
			files = (
				FD51D5EB2736A00500B66D91 /* FirebaseFirestoreSwift-Beta in Frameworks */,
				FD99043A271C643700F725FC /* AwesomeToast in Frameworks */,
				FD8C10E0272D6B1A005531D1 /* FirebaseFirestore in Frameworks */,
			);
			runOnlyForDeploymentPostprocessing = 0;
		};
		049BE67D271C2B0B0008F8ED /* Frameworks */ = {
			isa = PBXFrameworksBuildPhase;
			buildActionMask = 2147483647;
			files = (
			);
			runOnlyForDeploymentPostprocessing = 0;
		};
/* End PBXFrameworksBuildPhase section */

/* Begin PBXGroup section */
		048244F8271C382400E27160 /* View */ = {
			isa = PBXGroup;
			children = (
				FDF235C82726F56300EAE8D3 /* DetailView */,
				FDF235C12726F40600EAE8D3 /* Filters */,
				FD404FF027230439004754EA /* RecipeList */,
				048244FB271C39FF00E27160 /* HomeView */,
			);
			path = View;
			sourceTree = "<group>";
		};
		048244F9271C382B00E27160 /* Model */ = {
			isa = PBXGroup;
			children = (
				FDF235B62726F3DA00EAE8D3 /* Tag.swift */,
				0482450B271C3EAB00E27160 /* DummyData.swift */,
				04EFCFDA27205CDB009795CC /* QuickNEasy.swift */,
				04EFCFE7272164DD009795CC /* FoodsCollections.json */,
			);
			path = Model;
			sourceTree = "<group>";
		};
		048244FA271C383200E27160 /* Item */ = {
			isa = PBXGroup;
			children = (
				FDF235B32726F3AC00EAE8D3 /* SeeMoreButton.swift */,
				04824502271C3C4100E27160 /* SearchButton.swift */,
				04824505271C3C8E00E27160 /* HorizontalScrollCards.swift */,
				04824508271C3D3100E27160 /* BlurView.swift */,
				0482450E271C411800E27160 /* Gradient.swift */,
				0482452C271C4A5A00E27160 /* Cards.swift */,
				0482452F271C52FE00E27160 /* BigCards.swift */,
				0407A7DE272D5BF400F0F209 /* GlassButton.swift */,
			);
			path = Item;
			sourceTree = "<group>";
		};
		048244FB271C39FF00E27160 /* HomeView */ = {
			isa = PBXGroup;
			children = (
				049BE673271C2B080008F8ED /* HomeView.swift */,
				048244FC271C3B9900E27160 /* ProfileButton.swift */,
				048244FF271C3BD100E27160 /* QuickAndEasy.swift */,
				04824529271C4A1B00E27160 /* IndianSpecials.swift */,
			);
			path = HomeView;
			sourceTree = "<group>";
		};
		049BE66A271C2B070008F8ED = {
			isa = PBXGroup;
			children = (
				049BE66F271C2B070008F8ED /* Shared */,
				049BE681271C2B0B0008F8ED /* macOS */,
				049BE67B271C2B0B0008F8ED /* Products */,
				FD51D5E92736A00500B66D91 /* Frameworks */,
			);
			sourceTree = "<group>";
		};
		049BE66F271C2B070008F8ED /* Shared */ = {
			isa = PBXGroup;
			children = (
				FDF235B92726F3F000EAE8D3 /* Utils */,
				FDF235AC2726F38500EAE8D3 /* Extensions */,
				048244FA271C383200E27160 /* Item */,
				048244F9271C382B00E27160 /* Model */,
				048244F8271C382400E27160 /* View */,
				04D8E4852737B41F00F2524A /* ViewModel */,
				049BE672271C2B080008F8ED /* FoodZapApp.swift */,
				049BE674271C2B080008F8ED /* Persistence.swift */,
				0407A7E1272D69C000F0F209 /* GoogleService-Info.plist */,
				049BE675271C2B0B0008F8ED /* Assets.xcassets */,
				FD0FA1222736B4C600FFD28D /* FoodZaps.xcdatamodeld */,
			);
			path = Shared;
			sourceTree = "<group>";
		};
		049BE67B271C2B0B0008F8ED /* Products */ = {
			isa = PBXGroup;
			children = (
				049BE67A271C2B0B0008F8ED /* FoodZap.app */,
				049BE680271C2B0B0008F8ED /* FoodZap.app */,
			);
			name = Products;
			sourceTree = "<group>";
		};
		049BE681271C2B0B0008F8ED /* macOS */ = {
			isa = PBXGroup;
			children = (
				049BE682271C2B0B0008F8ED /* macOS.entitlements */,
			);
			path = macOS;
			sourceTree = "<group>";
		};
		04D8E4852737B41F00F2524A /* ViewModel */ = {
			isa = PBXGroup;
			children = (
				04D8E4862737B46800F2524A /* ImageLoader.swift */,
				04D8E4872737B46800F2524A /* QuickNEasyViewModel.swift */,
				04E113A72737EF7F003CAC4B /* RecipeListViewModel.swift */,
			);
			path = ViewModel;
			sourceTree = "<group>";
		};
		FD404FF027230439004754EA /* RecipeList */ = {
			isa = PBXGroup;
			children = (
				FD404FF1272304BE004754EA /* ListRow.swift */,
				FD404FF3272304D0004754EA /* RecipeList.swift */,
			);
			path = RecipeList;
			sourceTree = "<group>";
		};
		FD51D5E92736A00500B66D91 /* Frameworks */ = {
			isa = PBXGroup;
			children = (
			);
			name = Frameworks;
			sourceTree = "<group>";
		};
		FDF235AC2726F38500EAE8D3 /* Extensions */ = {
			isa = PBXGroup;
			children = (
				FDF235AD2726F38500EAE8D3 /* ColorExtensions.swift */,
				FD57EF922737A7D7007072FA /* NavigationControllerExt.swift */,
				FDFA67AD2737FA9400844B4D /* Snapshots.swift */,
			);
			path = Extensions;
			sourceTree = "<group>";
		};
		FDF235B92726F3F000EAE8D3 /* Utils */ = {
			isa = PBXGroup;
			children = (
				FDF235C92726F7D400EAE8D3 /* Shapes */,
				FDF235BA2726F3F000EAE8D3 /* Constants */,
			);
			path = Utils;
			sourceTree = "<group>";
		};
		FDF235BA2726F3F000EAE8D3 /* Constants */ = {
			isa = PBXGroup;
			children = (
				FDF235BB2726F3F000EAE8D3 /* Texts.swift */,
				FDF235BC2726F3F000EAE8D3 /* Colors.swift */,
				0407A7E7272D78C600F0F209 /* FirebaseConstants.swift */,
			);
			path = Constants;
			sourceTree = "<group>";
		};
		FDF235C12726F40600EAE8D3 /* Filters */ = {
			isa = PBXGroup;
			children = (
				FDF235C22726F40600EAE8D3 /* ChipButton.swift */,
				FDF235C32726F40600EAE8D3 /* Filters.swift */,
			);
			path = Filters;
			sourceTree = "<group>";
		};
		FDF235C82726F56300EAE8D3 /* DetailView */ = {
			isa = PBXGroup;
			children = (
				FDF235B02726F39C00EAE8D3 /* DetailView.swift */,
			);
			path = DetailView;
			sourceTree = "<group>";
		};
		FDF235C92726F7D400EAE8D3 /* Shapes */ = {
			isa = PBXGroup;
			children = (
				FDF235CA2726F7EC00EAE8D3 /* CuisineLabel.swift */,
			);
			path = Shapes;
			sourceTree = "<group>";
		};
/* End PBXGroup section */

/* Begin PBXNativeTarget section */
		049BE679271C2B0B0008F8ED /* FoodZap (iOS) */ = {
			isa = PBXNativeTarget;
			buildConfigurationList = 049BE68F271C2B0B0008F8ED /* Build configuration list for PBXNativeTarget "FoodZap (iOS)" */;
			buildPhases = (
				049BE676271C2B0B0008F8ED /* Sources */,
				049BE677271C2B0B0008F8ED /* Frameworks */,
				049BE678271C2B0B0008F8ED /* Resources */,
			);
			buildRules = (
			);
			dependencies = (
			);
			name = "FoodZap (iOS)";
			packageProductDependencies = (
				FD990439271C643700F725FC /* AwesomeToast */,
				FD8C10DF272D6B1A005531D1 /* FirebaseFirestore */,
				FD51D5EA2736A00500B66D91 /* FirebaseFirestoreSwift-Beta */,
			);
			productName = "FoodZap (iOS)";
			productReference = 049BE67A271C2B0B0008F8ED /* FoodZap.app */;
			productType = "com.apple.product-type.application";
		};
		049BE67F271C2B0B0008F8ED /* FoodZap (macOS) */ = {
			isa = PBXNativeTarget;
			buildConfigurationList = 049BE692271C2B0B0008F8ED /* Build configuration list for PBXNativeTarget "FoodZap (macOS)" */;
			buildPhases = (
				049BE67C271C2B0B0008F8ED /* Sources */,
				049BE67D271C2B0B0008F8ED /* Frameworks */,
				049BE67E271C2B0B0008F8ED /* Resources */,
			);
			buildRules = (
			);
			dependencies = (
			);
			name = "FoodZap (macOS)";
			productName = "FoodZap (macOS)";
			productReference = 049BE680271C2B0B0008F8ED /* FoodZap.app */;
			productType = "com.apple.product-type.application";
		};
/* End PBXNativeTarget section */

/* Begin PBXProject section */
		049BE66B271C2B070008F8ED /* Project object */ = {
			isa = PBXProject;
			attributes = {
				BuildIndependentTargetsInParallel = 1;
				LastSwiftUpdateCheck = 1300;
				LastUpgradeCheck = 1310;
				TargetAttributes = {
					049BE679271C2B0B0008F8ED = {
						CreatedOnToolsVersion = 13.0;
					};
					049BE67F271C2B0B0008F8ED = {
						CreatedOnToolsVersion = 13.0;
					};
				};
			};
			buildConfigurationList = 049BE66E271C2B070008F8ED /* Build configuration list for PBXProject "FoodZap" */;
			compatibilityVersion = "Xcode 13.0";
			developmentRegion = en;
			hasScannedForEncodings = 0;
			knownRegions = (
				en,
				Base,
			);
			mainGroup = 049BE66A271C2B070008F8ED;
			packageReferences = (
				FD990438271C643600F725FC /* XCRemoteSwiftPackageReference "AwesomeToastPackage" */,
				FD8C10DE272D6B1A005531D1 /* XCRemoteSwiftPackageReference "firebase-ios-sdk" */,
			);
			productRefGroup = 049BE67B271C2B0B0008F8ED /* Products */;
			projectDirPath = "";
			projectRoot = "";
			targets = (
				049BE679271C2B0B0008F8ED /* FoodZap (iOS) */,
				049BE67F271C2B0B0008F8ED /* FoodZap (macOS) */,
			);
		};
/* End PBXProject section */

/* Begin PBXResourcesBuildPhase section */
		049BE678271C2B0B0008F8ED /* Resources */ = {
			isa = PBXResourcesBuildPhase;
			buildActionMask = 2147483647;
			files = (
				049BE68B271C2B0B0008F8ED /* Assets.xcassets in Resources */,
				04EFCFE8272164DD009795CC /* FoodsCollections.json in Resources */,
				0407A7E2272D69C000F0F209 /* GoogleService-Info.plist in Resources */,
			);
			runOnlyForDeploymentPostprocessing = 0;
		};
		049BE67E271C2B0B0008F8ED /* Resources */ = {
			isa = PBXResourcesBuildPhase;
			buildActionMask = 2147483647;
			files = (
				049BE68C271C2B0B0008F8ED /* Assets.xcassets in Resources */,
				04EFCFE9272164DD009795CC /* FoodsCollections.json in Resources */,
				0407A7E3272D69C000F0F209 /* GoogleService-Info.plist in Resources */,
			);
			runOnlyForDeploymentPostprocessing = 0;
		};
/* End PBXResourcesBuildPhase section */

/* Begin PBXSourcesBuildPhase section */
		049BE676271C2B0B0008F8ED /* Sources */ = {
			isa = PBXSourcesBuildPhase;
			buildActionMask = 2147483647;
			files = (
				04824503271C3C4100E27160 /* SearchButton.swift in Sources */,
				FDF235AE2726F38500EAE8D3 /* ColorExtensions.swift in Sources */,
				04D8E4882737B46800F2524A /* ImageLoader.swift in Sources */,
				FDF235B42726F3AC00EAE8D3 /* SeeMoreButton.swift in Sources */,
				FDF235BF2726F3F000EAE8D3 /* Colors.swift in Sources */,
				0482452D271C4A5A00E27160 /* Cards.swift in Sources */,
				049BE689271C2B0B0008F8ED /* Persistence.swift in Sources */,
				FD404FF4272304D0004754EA /* RecipeList.swift in Sources */,
				FDF235C42726F40600EAE8D3 /* ChipButton.swift in Sources */,
				048244FD271C3B9900E27160 /* ProfileButton.swift in Sources */,
				0407A7DF272D5BF400F0F209 /* GlassButton.swift in Sources */,
				04D8E48A2737B46800F2524A /* QuickNEasyViewModel.swift in Sources */,
				04824506271C3C8E00E27160 /* HorizontalScrollCards.swift in Sources */,
				FDFA67AE2737FA9400844B4D /* Snapshots.swift in Sources */,
				04824509271C3D3100E27160 /* BlurView.swift in Sources */,
				FDF235C62726F40600EAE8D3 /* Filters.swift in Sources */,
				04824500271C3BD100E27160 /* QuickAndEasy.swift in Sources */,
				0482452A271C4A1B00E27160 /* IndianSpecials.swift in Sources */,
				FD57EF932737A7D7007072FA /* NavigationControllerExt.swift in Sources */,
				FDF235CB2726F7ED00EAE8D3 /* CuisineLabel.swift in Sources */,
				04824530271C52FE00E27160 /* BigCards.swift in Sources */,
				04E113A82737EF7F003CAC4B /* RecipeListViewModel.swift in Sources */,
				04EFCFDB27205CDB009795CC /* QuickNEasy.swift in Sources */,
				FDF235BD2726F3F000EAE8D3 /* Texts.swift in Sources */,
				049BE685271C2B0B0008F8ED /* FoodZapApp.swift in Sources */,
				FDF235B12726F39C00EAE8D3 /* DetailView.swift in Sources */,
				0482450F271C411800E27160 /* Gradient.swift in Sources */,
				0482450C271C3EAB00E27160 /* DummyData.swift in Sources */,
				0407A7E8272D78C600F0F209 /* FirebaseConstants.swift in Sources */,
				FD404FF2272304BE004754EA /* ListRow.swift in Sources */,
				FDF235B72726F3DA00EAE8D3 /* Tag.swift in Sources */,
				FD0FA1242736B4C600FFD28D /* FoodZaps.xcdatamodeld in Sources */,
				049BE687271C2B0B0008F8ED /* HomeView.swift in Sources */,
			);
			runOnlyForDeploymentPostprocessing = 0;
		};
		049BE67C271C2B0B0008F8ED /* Sources */ = {
			isa = PBXSourcesBuildPhase;
			buildActionMask = 2147483647;
			files = (
				04824504271C3C4100E27160 /* SearchButton.swift in Sources */,
				0482452E271C4A5A00E27160 /* Cards.swift in Sources */,
				049BE68A271C2B0B0008F8ED /* Persistence.swift in Sources */,
				048244FE271C3B9900E27160 /* ProfileButton.swift in Sources */,
				FDF235B22726F39C00EAE8D3 /* DetailView.swift in Sources */,
				04824507271C3C8E00E27160 /* HorizontalScrollCards.swift in Sources */,
				0482450A271C3D3100E27160 /* BlurView.swift in Sources */,
				04824501271C3BD100E27160 /* QuickAndEasy.swift in Sources */,
				04E113A92737EF7F003CAC4B /* RecipeListViewModel.swift in Sources */,
				0407A7E9272D78C600F0F209 /* FirebaseConstants.swift in Sources */,
				FD0FA1252736B4C600FFD28D /* FoodZaps.xcdatamodeld in Sources */,
				0482452B271C4A1B00E27160 /* IndianSpecials.swift in Sources */,
				04824531271C52FE00E27160 /* BigCards.swift in Sources */,
				0407A7E0272D5BF400F0F209 /* GlassButton.swift in Sources */,
				04EFCFDC27205CDB009795CC /* QuickNEasy.swift in Sources */,
				04D8E4892737B46800F2524A /* ImageLoader.swift in Sources */,
				049BE686271C2B0B0008F8ED /* FoodZapApp.swift in Sources */,
				FD57EF942737A7D7007072FA /* NavigationControllerExt.swift in Sources */,
				FDF235C52726F40600EAE8D3 /* ChipButton.swift in Sources */,
				04824510271C411800E27160 /* Gradient.swift in Sources */,
				FDF235CC2726F7ED00EAE8D3 /* CuisineLabel.swift in Sources */,
				FDF235C72726F40600EAE8D3 /* Filters.swift in Sources */,
				0482450D271C3EAB00E27160 /* DummyData.swift in Sources */,
				FDF235C02726F3F000EAE8D3 /* Colors.swift in Sources */,
				FDF235BE2726F3F000EAE8D3 /* Texts.swift in Sources */,
				FDF235B52726F3AC00EAE8D3 /* SeeMoreButton.swift in Sources */,
				FDF235B82726F3DA00EAE8D3 /* Tag.swift in Sources */,
				049BE688271C2B0B0008F8ED /* HomeView.swift in Sources */,
				04D8E48B2737B46800F2524A /* QuickNEasyViewModel.swift in Sources */,
				FDF235AF2726F38500EAE8D3 /* ColorExtensions.swift in Sources */,
				FDFA67AF2737FA9400844B4D /* Snapshots.swift in Sources */,
			);
			runOnlyForDeploymentPostprocessing = 0;
		};
/* End PBXSourcesBuildPhase section */

/* Begin XCBuildConfiguration section */
		049BE68D271C2B0B0008F8ED /* Debug */ = {
			isa = XCBuildConfiguration;
			buildSettings = {
				ALWAYS_SEARCH_USER_PATHS = NO;
				CLANG_ANALYZER_NONNULL = YES;
				CLANG_ANALYZER_NUMBER_OBJECT_CONVERSION = YES_AGGRESSIVE;
				CLANG_CXX_LANGUAGE_STANDARD = "gnu++17";
				CLANG_CXX_LIBRARY = "libc++";
				CLANG_ENABLE_MODULES = YES;
				CLANG_ENABLE_OBJC_ARC = YES;
				CLANG_ENABLE_OBJC_WEAK = YES;
				CLANG_WARN_BLOCK_CAPTURE_AUTORELEASING = YES;
				CLANG_WARN_BOOL_CONVERSION = YES;
				CLANG_WARN_COMMA = YES;
				CLANG_WARN_CONSTANT_CONVERSION = YES;
				CLANG_WARN_DEPRECATED_OBJC_IMPLEMENTATIONS = YES;
				CLANG_WARN_DIRECT_OBJC_ISA_USAGE = YES_ERROR;
				CLANG_WARN_DOCUMENTATION_COMMENTS = YES;
				CLANG_WARN_EMPTY_BODY = YES;
				CLANG_WARN_ENUM_CONVERSION = YES;
				CLANG_WARN_INFINITE_RECURSION = YES;
				CLANG_WARN_INT_CONVERSION = YES;
				CLANG_WARN_NON_LITERAL_NULL_CONVERSION = YES;
				CLANG_WARN_OBJC_IMPLICIT_RETAIN_SELF = YES;
				CLANG_WARN_OBJC_LITERAL_CONVERSION = YES;
				CLANG_WARN_OBJC_ROOT_CLASS = YES_ERROR;
				CLANG_WARN_QUOTED_INCLUDE_IN_FRAMEWORK_HEADER = YES;
				CLANG_WARN_RANGE_LOOP_ANALYSIS = YES;
				CLANG_WARN_STRICT_PROTOTYPES = YES;
				CLANG_WARN_SUSPICIOUS_MOVE = YES;
				CLANG_WARN_UNGUARDED_AVAILABILITY = YES_AGGRESSIVE;
				CLANG_WARN_UNREACHABLE_CODE = YES;
				CLANG_WARN__DUPLICATE_METHOD_MATCH = YES;
				COPY_PHASE_STRIP = NO;
				DEBUG_INFORMATION_FORMAT = dwarf;
				ENABLE_STRICT_OBJC_MSGSEND = YES;
				ENABLE_TESTABILITY = YES;
				GCC_C_LANGUAGE_STANDARD = gnu11;
				GCC_DYNAMIC_NO_PIC = NO;
				GCC_NO_COMMON_BLOCKS = YES;
				GCC_OPTIMIZATION_LEVEL = 0;
				GCC_PREPROCESSOR_DEFINITIONS = (
					"DEBUG=1",
					"$(inherited)",
				);
				GCC_WARN_64_TO_32_BIT_CONVERSION = YES;
				GCC_WARN_ABOUT_RETURN_TYPE = YES_ERROR;
				GCC_WARN_UNDECLARED_SELECTOR = YES;
				GCC_WARN_UNINITIALIZED_AUTOS = YES_AGGRESSIVE;
				GCC_WARN_UNUSED_FUNCTION = YES;
				GCC_WARN_UNUSED_VARIABLE = YES;
				MTL_ENABLE_DEBUG_INFO = INCLUDE_SOURCE;
				MTL_FAST_MATH = YES;
				ONLY_ACTIVE_ARCH = YES;
				SWIFT_ACTIVE_COMPILATION_CONDITIONS = DEBUG;
				SWIFT_OPTIMIZATION_LEVEL = "-Onone";
			};
			name = Debug;
		};
		049BE68E271C2B0B0008F8ED /* Release */ = {
			isa = XCBuildConfiguration;
			buildSettings = {
				ALWAYS_SEARCH_USER_PATHS = NO;
				CLANG_ANALYZER_NONNULL = YES;
				CLANG_ANALYZER_NUMBER_OBJECT_CONVERSION = YES_AGGRESSIVE;
				CLANG_CXX_LANGUAGE_STANDARD = "gnu++17";
				CLANG_CXX_LIBRARY = "libc++";
				CLANG_ENABLE_MODULES = YES;
				CLANG_ENABLE_OBJC_ARC = YES;
				CLANG_ENABLE_OBJC_WEAK = YES;
				CLANG_WARN_BLOCK_CAPTURE_AUTORELEASING = YES;
				CLANG_WARN_BOOL_CONVERSION = YES;
				CLANG_WARN_COMMA = YES;
				CLANG_WARN_CONSTANT_CONVERSION = YES;
				CLANG_WARN_DEPRECATED_OBJC_IMPLEMENTATIONS = YES;
				CLANG_WARN_DIRECT_OBJC_ISA_USAGE = YES_ERROR;
				CLANG_WARN_DOCUMENTATION_COMMENTS = YES;
				CLANG_WARN_EMPTY_BODY = YES;
				CLANG_WARN_ENUM_CONVERSION = YES;
				CLANG_WARN_INFINITE_RECURSION = YES;
				CLANG_WARN_INT_CONVERSION = YES;
				CLANG_WARN_NON_LITERAL_NULL_CONVERSION = YES;
				CLANG_WARN_OBJC_IMPLICIT_RETAIN_SELF = YES;
				CLANG_WARN_OBJC_LITERAL_CONVERSION = YES;
				CLANG_WARN_OBJC_ROOT_CLASS = YES_ERROR;
				CLANG_WARN_QUOTED_INCLUDE_IN_FRAMEWORK_HEADER = YES;
				CLANG_WARN_RANGE_LOOP_ANALYSIS = YES;
				CLANG_WARN_STRICT_PROTOTYPES = YES;
				CLANG_WARN_SUSPICIOUS_MOVE = YES;
				CLANG_WARN_UNGUARDED_AVAILABILITY = YES_AGGRESSIVE;
				CLANG_WARN_UNREACHABLE_CODE = YES;
				CLANG_WARN__DUPLICATE_METHOD_MATCH = YES;
				COPY_PHASE_STRIP = NO;
				DEBUG_INFORMATION_FORMAT = "dwarf-with-dsym";
				ENABLE_NS_ASSERTIONS = NO;
				ENABLE_STRICT_OBJC_MSGSEND = YES;
				GCC_C_LANGUAGE_STANDARD = gnu11;
				GCC_NO_COMMON_BLOCKS = YES;
				GCC_WARN_64_TO_32_BIT_CONVERSION = YES;
				GCC_WARN_ABOUT_RETURN_TYPE = YES_ERROR;
				GCC_WARN_UNDECLARED_SELECTOR = YES;
				GCC_WARN_UNINITIALIZED_AUTOS = YES_AGGRESSIVE;
				GCC_WARN_UNUSED_FUNCTION = YES;
				GCC_WARN_UNUSED_VARIABLE = YES;
				MTL_ENABLE_DEBUG_INFO = NO;
				MTL_FAST_MATH = YES;
				SWIFT_COMPILATION_MODE = wholemodule;
				SWIFT_OPTIMIZATION_LEVEL = "-O";
			};
			name = Release;
		};
		049BE690271C2B0B0008F8ED /* Debug */ = {
			isa = XCBuildConfiguration;
			buildSettings = {
				ASSETCATALOG_COMPILER_APPICON_NAME = AppIcon;
				ASSETCATALOG_COMPILER_GLOBAL_ACCENT_COLOR_NAME = AccentColor;
				CODE_SIGN_STYLE = Automatic;
				CURRENT_PROJECT_VERSION = 1;
				DEVELOPMENT_TEAM = XP6V4T4UU6;
				ENABLE_PREVIEWS = YES;
				GENERATE_INFOPLIST_FILE = YES;
				INFOPLIST_KEY_NSPhotoLibraryAddUsageDescription = "$(PRODUCT_NAME) wants to save image to your gallery.";
				INFOPLIST_KEY_UIApplicationSceneManifest_Generation = YES;
				INFOPLIST_KEY_UIApplicationSupportsIndirectInputEvents = YES;
				INFOPLIST_KEY_UILaunchScreen_Generation = YES;
				INFOPLIST_KEY_UISupportedInterfaceOrientations_iPad = "UIInterfaceOrientationPortrait UIInterfaceOrientationPortraitUpsideDown UIInterfaceOrientationLandscapeLeft UIInterfaceOrientationLandscapeRight";
				INFOPLIST_KEY_UISupportedInterfaceOrientations_iPhone = "UIInterfaceOrientationPortrait UIInterfaceOrientationLandscapeLeft UIInterfaceOrientationLandscapeRight";
				IPHONEOS_DEPLOYMENT_TARGET = 15.0;
				LD_RUNPATH_SEARCH_PATHS = (
					"$(inherited)",
					"@executable_path/Frameworks",
				);
				MARKETING_VERSION = 1.0;
				PRODUCT_BUNDLE_IDENTIFIER = com.blacenova.FoodZap;
				PRODUCT_NAME = FoodZap;
				SDKROOT = iphoneos;
				SWIFT_EMIT_LOC_STRINGS = YES;
				SWIFT_VERSION = 5.0;
				TARGETED_DEVICE_FAMILY = "1,2";
			};
			name = Debug;
		};
		049BE691271C2B0B0008F8ED /* Release */ = {
			isa = XCBuildConfiguration;
			buildSettings = {
				ASSETCATALOG_COMPILER_APPICON_NAME = AppIcon;
				ASSETCATALOG_COMPILER_GLOBAL_ACCENT_COLOR_NAME = AccentColor;
				CODE_SIGN_STYLE = Automatic;
				CURRENT_PROJECT_VERSION = 1;
				DEVELOPMENT_TEAM = XP6V4T4UU6;
				ENABLE_PREVIEWS = YES;
				GENERATE_INFOPLIST_FILE = YES;
				INFOPLIST_KEY_NSPhotoLibraryAddUsageDescription = "$(PRODUCT_NAME) wants to save image to your gallery.";
				INFOPLIST_KEY_UIApplicationSceneManifest_Generation = YES;
				INFOPLIST_KEY_UIApplicationSupportsIndirectInputEvents = YES;
				INFOPLIST_KEY_UILaunchScreen_Generation = YES;
				INFOPLIST_KEY_UISupportedInterfaceOrientations_iPad = "UIInterfaceOrientationPortrait UIInterfaceOrientationPortraitUpsideDown UIInterfaceOrientationLandscapeLeft UIInterfaceOrientationLandscapeRight";
				INFOPLIST_KEY_UISupportedInterfaceOrientations_iPhone = "UIInterfaceOrientationPortrait UIInterfaceOrientationLandscapeLeft UIInterfaceOrientationLandscapeRight";
				IPHONEOS_DEPLOYMENT_TARGET = 15.0;
				LD_RUNPATH_SEARCH_PATHS = (
					"$(inherited)",
					"@executable_path/Frameworks",
				);
				MARKETING_VERSION = 1.0;
				PRODUCT_BUNDLE_IDENTIFIER = com.blacenova.FoodZap;
				PRODUCT_NAME = FoodZap;
				SDKROOT = iphoneos;
				SWIFT_EMIT_LOC_STRINGS = YES;
				SWIFT_VERSION = 5.0;
				TARGETED_DEVICE_FAMILY = "1,2";
				VALIDATE_PRODUCT = YES;
			};
			name = Release;
		};
		049BE693271C2B0B0008F8ED /* Debug */ = {
			isa = XCBuildConfiguration;
			buildSettings = {
				ASSETCATALOG_COMPILER_APPICON_NAME = AppIcon;
				ASSETCATALOG_COMPILER_GLOBAL_ACCENT_COLOR_NAME = AccentColor;
				CODE_SIGN_ENTITLEMENTS = macOS/macOS.entitlements;
				CODE_SIGN_IDENTITY = "-";
				CODE_SIGN_STYLE = Automatic;
				COMBINE_HIDPI_IMAGES = YES;
				CURRENT_PROJECT_VERSION = 1;
				DEVELOPMENT_TEAM = YHZVJQ792Q;
				ENABLE_HARDENED_RUNTIME = YES;
				ENABLE_PREVIEWS = YES;
				GENERATE_INFOPLIST_FILE = YES;
				INFOPLIST_KEY_NSHumanReadableCopyright = "";
				LD_RUNPATH_SEARCH_PATHS = (
					"$(inherited)",
					"@executable_path/../Frameworks",
				);
				MACOSX_DEPLOYMENT_TARGET = 11.0;
				MARKETING_VERSION = 1.0;
				PRODUCT_BUNDLE_IDENTIFIER = com.blacenova.FoodZap;
				PRODUCT_NAME = FoodZap;
				SDKROOT = macosx;
				SWIFT_EMIT_LOC_STRINGS = YES;
				SWIFT_VERSION = 5.0;
			};
			name = Debug;
		};
		049BE694271C2B0B0008F8ED /* Release */ = {
			isa = XCBuildConfiguration;
			buildSettings = {
				ASSETCATALOG_COMPILER_APPICON_NAME = AppIcon;
				ASSETCATALOG_COMPILER_GLOBAL_ACCENT_COLOR_NAME = AccentColor;
				CODE_SIGN_ENTITLEMENTS = macOS/macOS.entitlements;
				CODE_SIGN_IDENTITY = "-";
				CODE_SIGN_STYLE = Automatic;
				COMBINE_HIDPI_IMAGES = YES;
				CURRENT_PROJECT_VERSION = 1;
				DEVELOPMENT_TEAM = YHZVJQ792Q;
				ENABLE_HARDENED_RUNTIME = YES;
				ENABLE_PREVIEWS = YES;
				GENERATE_INFOPLIST_FILE = YES;
				INFOPLIST_KEY_NSHumanReadableCopyright = "";
				LD_RUNPATH_SEARCH_PATHS = (
					"$(inherited)",
					"@executable_path/../Frameworks",
				);
				MACOSX_DEPLOYMENT_TARGET = 11.0;
				MARKETING_VERSION = 1.0;
				PRODUCT_BUNDLE_IDENTIFIER = com.blacenova.FoodZap;
				PRODUCT_NAME = FoodZap;
				SDKROOT = macosx;
				SWIFT_EMIT_LOC_STRINGS = YES;
				SWIFT_VERSION = 5.0;
			};
			name = Release;
		};
/* End XCBuildConfiguration section */

/* Begin XCConfigurationList section */
		049BE66E271C2B070008F8ED /* Build configuration list for PBXProject "FoodZap" */ = {
			isa = XCConfigurationList;
			buildConfigurations = (
				049BE68D271C2B0B0008F8ED /* Debug */,
				049BE68E271C2B0B0008F8ED /* Release */,
			);
			defaultConfigurationIsVisible = 0;
			defaultConfigurationName = Release;
		};
		049BE68F271C2B0B0008F8ED /* Build configuration list for PBXNativeTarget "FoodZap (iOS)" */ = {
			isa = XCConfigurationList;
			buildConfigurations = (
				049BE690271C2B0B0008F8ED /* Debug */,
				049BE691271C2B0B0008F8ED /* Release */,
			);
			defaultConfigurationIsVisible = 0;
			defaultConfigurationName = Release;
		};
		049BE692271C2B0B0008F8ED /* Build configuration list for PBXNativeTarget "FoodZap (macOS)" */ = {
			isa = XCConfigurationList;
			buildConfigurations = (
				049BE693271C2B0B0008F8ED /* Debug */,
				049BE694271C2B0B0008F8ED /* Release */,
			);
			defaultConfigurationIsVisible = 0;
			defaultConfigurationName = Release;
		};
/* End XCConfigurationList section */

/* Begin XCRemoteSwiftPackageReference section */
		FD8C10DE272D6B1A005531D1 /* XCRemoteSwiftPackageReference "firebase-ios-sdk" */ = {
			isa = XCRemoteSwiftPackageReference;
			repositoryURL = "https://github.com/firebase/firebase-ios-sdk";
			requirement = {
				kind = upToNextMajorVersion;
				minimumVersion = 8.0.0;
			};
		};
		FD990438271C643600F725FC /* XCRemoteSwiftPackageReference "AwesomeToastPackage" */ = {
			isa = XCRemoteSwiftPackageReference;
			repositoryURL = "https://github.com/manasdevslopes/AwesomeToastPackage.git";
			requirement = {
				kind = upToNextMajorVersion;
				minimumVersion = 2.0.0;
			};
		};
/* End XCRemoteSwiftPackageReference section */

/* Begin XCSwiftPackageProductDependency section */
		FD51D5EA2736A00500B66D91 /* FirebaseFirestoreSwift-Beta */ = {
			isa = XCSwiftPackageProductDependency;
			package = FD8C10DE272D6B1A005531D1 /* XCRemoteSwiftPackageReference "firebase-ios-sdk" */;
			productName = "FirebaseFirestoreSwift-Beta";
		};
		FD8C10DF272D6B1A005531D1 /* FirebaseFirestore */ = {
			isa = XCSwiftPackageProductDependency;
			package = FD8C10DE272D6B1A005531D1 /* XCRemoteSwiftPackageReference "firebase-ios-sdk" */;
			productName = FirebaseFirestore;
		};
		FD990439271C643700F725FC /* AwesomeToast */ = {
			isa = XCSwiftPackageProductDependency;
			package = FD990438271C643600F725FC /* XCRemoteSwiftPackageReference "AwesomeToastPackage" */;
			productName = AwesomeToast;
		};
/* End XCSwiftPackageProductDependency section */

/* Begin XCVersionGroup section */
		FD0FA1222736B4C600FFD28D /* FoodZaps.xcdatamodeld */ = {
			isa = XCVersionGroup;
			children = (
				FD0FA1232736B4C600FFD28D /* FoodZaps.xcdatamodel */,
			);
			currentVersion = FD0FA1232736B4C600FFD28D /* FoodZaps.xcdatamodel */;
			path = FoodZaps.xcdatamodeld;
			sourceTree = "<group>";
			versionGroupType = wrapper.xcdatamodel;
		};
/* End XCVersionGroup section */
	};
	rootObject = 049BE66B271C2B070008F8ED /* Project object */;
}
